
Microsoft Visual Studio Solution File, Format Version 12.00
# Visual Studio Version 16
VisualStudioVersion = 16.0.31911.196
MinimumVisualStudioVersion = 10.0.40219.1
Project("{8BC9CEB8-8B4A-11D0-8D11-00A0C91BC942}") = "Linear_Search_Recursion", "Linear_Search_Recursion.vcxproj", "{1D08B8CC-1198-4005-A421-C14506BD103B}"
EndProject
Global
	GlobalSection(SolutionConfigurationPlatforms) = preSolution
		Debug|x64 = Debug|x64
		Debug|x86 = Debug|x86
		Release|x64 = Release|x64
		Release|x86 = Release|x86
	EndGlobalSection
	GlobalSection(ProjectConfigurationPlatforms) = postSolution
		{1D08B8CC-1198-4005-A421-C14506BD103B}.Debug|x64.ActiveCfg = Debug|x64
		{1D08B8CC-1198-4005-A421-C14506BD103B}.Debug|x64.Build.0 = Debug|x64
		{1D08B8CC-1198-4005-A421-C14506BD103B}.Debug|x86.ActiveCfg = Debug|Win32
		{1D08B8CC-1198-4005-A421-C14506BD103B}.Debug|x86.Build.0 = Debug|Win32
		{1D08B8CC-1198-4005-A421-C14506BD103B}.Release|x64.ActiveCfg = Release|x64
		{1D08B8CC-1198-4005-A421-C14506BD103B}.Release|x64.Build.0 = Release|x64
		{1D08B8CC-1198-4005-A421-C14506BD103B}.Release|x86.ActiveCfg = Release|Win32
		{1D08B8CC-1198-4005-A421-C14506BD103B}.Release|x86.Build.0 = Release|Win32
	EndGlobalSection
	GlobalSection(SolutionProperties) = preSolution
		HideSolutionNode = FALSE
	EndGlobalSection
	GlobalSection(ExtensibilityGlobals) = postSolution
		SolutionGuid = {AFAF7E42-DFAD-4A76-B91F-26D9CF37944A}
	EndGlobalSection
EndGlobal
